{
  "version": 4,
  "terraform_version": "0.12.20",
  "serial": 67,
  "lineage": "183c8e94-998a-47dd-68e8-08614dce2053",
  "outputs": {
    "private_subnet_cidrs": {
      "value": [
        "172.16.0.0/19",
        "172.16.32.0/19"
      ],
      "type": [
        "tuple",
        [
          "string",
          "string"
        ]
      ]
    },
    "public_subnet_cidrs": {
      "value": [
        "172.16.128.0/19",
        "172.16.160.0/19"
      ],
      "type": [
        "tuple",
        [
          "string",
          "string"
        ]
      ]
    },
    "vpc_cidr": {
      "value": "172.16.0.0/16",
      "type": "string"
    }
  },
  "resources": [
    {
      "module": "module.subnets",
      "mode": "data",
      "type": "aws_ami",
      "name": "nat_instance",
      "each": "list",
      "provider": "provider.aws",
      "instances": []
    },
    {
      "module": "module.subnets",
      "mode": "data",
      "type": "aws_availability_zones",
      "name": "available",
      "provider": "provider.aws",
      "instances": [
        {
          "schema_version": 0,
          "attributes": {
            "blacklisted_names": null,
            "blacklisted_zone_ids": null,
            "id": "2020-02-15 22:27:09.7509605 +0000 UTC",
            "names": [
              "us-west-2a",
              "us-west-2b",
              "us-west-2c",
              "us-west-2d"
            ],
            "state": null,
            "zone_ids": [
              "usw2-az1",
              "usw2-az2",
              "usw2-az3",
              "usw2-az4"
            ]
          }
        }
      ]
    },
    {
      "module": "module.subnets",
      "mode": "data",
      "type": "aws_vpc",
      "name": "default",
      "provider": "provider.aws",
      "instances": [
        {
          "schema_version": 0,
          "attributes": {
            "arn": "arn:aws:ec2:us-west-2:561246147461:vpc/vpc-0457f16baef90cb0c",
            "cidr_block": "172.16.0.0/16",
            "cidr_block_associations": [
              {
                "association_id": "vpc-cidr-assoc-03bd2dc91f1f1f059",
                "cidr_block": "172.16.0.0/16",
                "state": "associated"
              }
            ],
            "default": false,
            "dhcp_options_id": "dopt-357afa50",
            "enable_dns_hostnames": true,
            "enable_dns_support": true,
            "filter": null,
            "id": "vpc-0457f16baef90cb0c",
            "instance_tenancy": "default",
            "ipv6_association_id": "vpc-cidr-assoc-032c0081287bb69f3",
            "ipv6_cidr_block": "2600:1f13:ede:d500::/56",
            "main_route_table_id": "rtb-00b620f12d6ba17ca",
            "owner_id": "561246147461",
            "state": "available",
            "tags": {
              "Name": "rrm-test-vpc-subnets",
              "Namespace": "rrm",
              "Stage": "test"
            }
          }
        }
      ]
    },
    {
      "module": "module.vpc.module.label",
      "mode": "data",
      "type": "null_data_source",
      "name": "tags_as_list_of_maps",
      "each": "list",
      "provider": "provider.null",
      "instances": [
        {
          "index_key": 0,
          "schema_version": 0,
          "attributes": {
            "has_computed_default": "default",
            "id": "static",
            "inputs": {
              "key": "Name",
              "value": "rrm-test-vpc-subnets"
            },
            "outputs": {
              "key": "Name",
              "value": "rrm-test-vpc-subnets"
            },
            "random": "2390265871707651186"
          }
        },
        {
          "index_key": 1,
          "schema_version": 0,
          "attributes": {
            "has_computed_default": "default",
            "id": "static",
            "inputs": {
              "key": "Namespace",
              "value": "rrm"
            },
            "outputs": {
              "key": "Namespace",
              "value": "rrm"
            },
            "random": "7064026353752520229"
          }
        },
        {
          "index_key": 2,
          "schema_version": 0,
          "attributes": {
            "has_computed_default": "default",
            "id": "static",
            "inputs": {
              "key": "Stage",
              "value": "test"
            },
            "outputs": {
              "key": "Stage",
              "value": "test"
            },
            "random": "2819862395492958506"
          }
        }
      ]
    },
    {
      "module": "module.subnets.module.nat_label",
      "mode": "data",
      "type": "null_data_source",
      "name": "tags_as_list_of_maps",
      "each": "list",
      "provider": "provider.null",
      "instances": [
        {
          "index_key": 0,
          "schema_version": 0,
          "attributes": {
            "has_computed_default": "default",
            "id": "static",
            "inputs": {
              "key": "Attributes",
              "value": "nat"
            },
            "outputs": {
              "key": "Attributes",
              "value": "nat"
            },
            "random": "5081319225575772621"
          }
        },
        {
          "index_key": 1,
          "schema_version": 0,
          "attributes": {
            "has_computed_default": "default",
            "id": "static",
            "inputs": {
              "key": "Name",
              "value": "rrm-test-vpc-subnets-nat"
            },
            "outputs": {
              "key": "Name",
              "value": "rrm-test-vpc-subnets-nat"
            },
            "random": "2534166438915973710"
          }
        },
        {
          "index_key": 2,
          "schema_version": 0,
          "attributes": {
            "has_computed_default": "default",
            "id": "static",
            "inputs": {
              "key": "Namespace",
              "value": "rrm"
            },
            "outputs": {
              "key": "Namespace",
              "value": "rrm"
            },
            "random": "3664430426386272627"
          }
        },
        {
          "index_key": 3,
          "schema_version": 0,
          "attributes": {
            "has_computed_default": "default",
            "id": "static",
            "inputs": {
              "key": "Stage",
              "value": "test"
            },
            "outputs": {
              "key": "Stage",
              "value": "test"
            },
            "random": "3788584289137000946"
          }
        }
      ]
    },
    {
      "module": "module.subnets.module.nat_instance_label",
      "mode": "data",
      "type": "null_data_source",
      "name": "tags_as_list_of_maps",
      "each": "list",
      "provider": "provider.null",
      "instances": [
        {
          "index_key": 0,
          "schema_version": 0,
          "attributes": {
            "has_computed_default": "default",
            "id": "static",
            "inputs": {
              "key": "Attributes",
              "value": "nat-instance"
            },
            "outputs": {
              "key": "Attributes",
              "value": "nat-instance"
            },
            "random": "8824637750211016075"
          }
        },
        {
          "index_key": 1,
          "schema_version": 0,
          "attributes": {
            "has_computed_default": "default",
            "id": "static",
            "inputs": {
              "key": "Name",
              "value": "rrm-test-vpc-subnets-nat-instance"
            },
            "outputs": {
              "key": "Name",
              "value": "rrm-test-vpc-subnets-nat-instance"
            },
            "random": "6935534878759252188"
          }
        },
        {
          "index_key": 2,
          "schema_version": 0,
          "attributes": {
            "has_computed_default": "default",
            "id": "static",
            "inputs": {
              "key": "Namespace",
              "value": "rrm"
            },
            "outputs": {
              "key": "Namespace",
              "value": "rrm"
            },
            "random": "2219707664040873767"
          }
        },
        {
          "index_key": 3,
          "schema_version": 0,
          "attributes": {
            "has_computed_default": "default",
            "id": "static",
            "inputs": {
              "key": "Stage",
              "value": "test"
            },
            "outputs": {
              "key": "Stage",
              "value": "test"
            },
            "random": "7974437698063649238"
          }
        }
      ]
    },
    {
      "module": "module.subnets.module.private_label",
      "mode": "data",
      "type": "null_data_source",
      "name": "tags_as_list_of_maps",
      "each": "list",
      "provider": "provider.null",
      "instances": [
        {
          "index_key": 0,
          "schema_version": 0,
          "attributes": {
            "has_computed_default": "default",
            "id": "static",
            "inputs": {
              "key": "Attributes",
              "value": "private"
            },
            "outputs": {
              "key": "Attributes",
              "value": "private"
            },
            "random": "4285480995011612575"
          }
        },
        {
          "index_key": 1,
          "schema_version": 0,
          "attributes": {
            "has_computed_default": "default",
            "id": "static",
            "inputs": {
              "key": "Name",
              "value": "rrm-test-vpc-subnets"
            },
            "outputs": {
              "key": "Name",
              "value": "rrm-test-vpc-subnets"
            },
            "random": "1413682286508422670"
          }
        },
        {
          "index_key": 2,
          "schema_version": 0,
          "attributes": {
            "has_computed_default": "default",
            "id": "static",
            "inputs": {
              "key": "Namespace",
              "value": "rrm"
            },
            "outputs": {
              "key": "Namespace",
              "value": "rrm"
            },
            "random": "1472966804402844113"
          }
        },
        {
          "index_key": 3,
          "schema_version": 0,
          "attributes": {
            "has_computed_default": "default",
            "id": "static",
            "inputs": {
              "key": "Stage",
              "value": "test"
            },
            "outputs": {
              "key": "Stage",
              "value": "test"
            },
            "random": "806510820946436794"
          }
        },
        {
          "index_key": 4,
          "schema_version": 0,
          "attributes": {
            "has_computed_default": "default",
            "id": "static",
            "inputs": {
              "key": "cpco.io/subnet/type",
              "value": "private"
            },
            "outputs": {
              "key": "cpco.io/subnet/type",
              "value": "private"
            },
            "random": "699793519120700846"
          }
        }
      ]
    },
    {
      "module": "module.subnets.module.label",
      "mode": "data",
      "type": "null_data_source",
      "name": "tags_as_list_of_maps",
      "each": "list",
      "provider": "provider.null",
      "instances": [
        {
          "index_key": 0,
          "schema_version": 0,
          "attributes": {
            "has_computed_default": "default",
            "id": "static",
            "inputs": {
              "key": "Name",
              "value": "rrm-test-vpc-subnets"
            },
            "outputs": {
              "key": "Name",
              "value": "rrm-test-vpc-subnets"
            },
            "random": "9013785383776163110"
          }
        },
        {
          "index_key": 1,
          "schema_version": 0,
          "attributes": {
            "has_computed_default": "default",
            "id": "static",
            "inputs": {
              "key": "Namespace",
              "value": "rrm"
            },
            "outputs": {
              "key": "Namespace",
              "value": "rrm"
            },
            "random": "7199377537849257715"
          }
        },
        {
          "index_key": 2,
          "schema_version": 0,
          "attributes": {
            "has_computed_default": "default",
            "id": "static",
            "inputs": {
              "key": "Stage",
              "value": "test"
            },
            "outputs": {
              "key": "Stage",
              "value": "test"
            },
            "random": "90861021367024523"
          }
        }
      ]
    },
    {
      "module": "module.subnets.module.public_label",
      "mode": "data",
      "type": "null_data_source",
      "name": "tags_as_list_of_maps",
      "each": "list",
      "provider": "provider.null",
      "instances": [
        {
          "index_key": 0,
          "schema_version": 0,
          "attributes": {
            "has_computed_default": "default",
            "id": "static",
            "inputs": {
              "key": "Attributes",
              "value": "public"
            },
            "outputs": {
              "key": "Attributes",
              "value": "public"
            },
            "random": "9215077279026629312"
          }
        },
        {
          "index_key": 1,
          "schema_version": 0,
          "attributes": {
            "has_computed_default": "default",
            "id": "static",
            "inputs": {
              "key": "Name",
              "value": "rrm-test-vpc-subnets"
            },
            "outputs": {
              "key": "Name",
              "value": "rrm-test-vpc-subnets"
            },
            "random": "3071882462108075943"
          }
        },
        {
          "index_key": 2,
          "schema_version": 0,
          "attributes": {
            "has_computed_default": "default",
            "id": "static",
            "inputs": {
              "key": "Namespace",
              "value": "rrm"
            },
            "outputs": {
              "key": "Namespace",
              "value": "rrm"
            },
            "random": "6948935929603021041"
          }
        },
        {
          "index_key": 3,
          "schema_version": 0,
          "attributes": {
            "has_computed_default": "default",
            "id": "static",
            "inputs": {
              "key": "Stage",
              "value": "test"
            },
            "outputs": {
              "key": "Stage",
              "value": "test"
            },
            "random": "8017114803339883648"
          }
        },
        {
          "index_key": 4,
          "schema_version": 0,
          "attributes": {
            "has_computed_default": "default",
            "id": "static",
            "inputs": {
              "key": "cpco.io/subnet/type",
              "value": "public"
            },
            "outputs": {
              "key": "cpco.io/subnet/type",
              "value": "public"
            },
            "random": "5936337607840469525"
          }
        }
      ]
    },
    {
      "module": "module.vpc",
      "mode": "managed",
      "type": "aws_default_security_group",
      "name": "default",
      "provider": "provider.aws",
      "instances": [
        {
          "schema_version": 1,
          "attributes": {
            "arn": "arn:aws:ec2:us-west-2:561246147461:security-group/sg-09e01ce288628440f",
            "description": "default VPC security group",
            "egress": [],
            "id": "sg-09e01ce288628440f",
            "ingress": [],
            "name": "default",
            "owner_id": "561246147461",
            "revoke_rules_on_delete": false,
            "tags": {
              "Name": "Default Security Group"
            },
            "timeouts": null,
            "vpc_id": "vpc-0457f16baef90cb0c"
          },
          "private": "eyJlMmJmYjczMC1lY2FhLTExZTYtOGY4OC0zNDM2M2JjN2M0YzAiOnsiY3JlYXRlIjo2MDAwMDAwMDAwMDAsImRlbGV0ZSI6NjAwMDAwMDAwMDAwfSwic2NoZW1hX3ZlcnNpb24iOiIxIn0=",
          "dependencies": [
            "module.vpc.aws_vpc.default"
          ]
        }
      ]
    },
    {
      "module": "module.subnets",
      "mode": "managed",
      "type": "aws_eip",
      "name": "default",
      "each": "list",
      "provider": "provider.aws",
      "instances": []
    },
    {
      "module": "module.subnets",
      "mode": "managed",
      "type": "aws_instance",
      "name": "nat_instance",
      "each": "list",
      "provider": "provider.aws",
      "instances": []
    },
    {
      "module": "module.vpc",
      "mode": "managed",
      "type": "aws_internet_gateway",
      "name": "default",
      "provider": "provider.aws",
      "instances": [
        {
          "schema_version": 0,
          "attributes": {
            "id": "igw-07471886614f3ecdd",
            "owner_id": "561246147461",
            "tags": {
              "Name": "rrm-test-vpc-subnets",
              "Namespace": "rrm",
              "Stage": "test"
            },
            "vpc_id": "vpc-0457f16baef90cb0c"
          },
          "private": "bnVsbA==",
          "dependencies": [
            "module.vpc.aws_vpc.default"
          ]
        }
      ]
    },
    {
      "module": "module.subnets",
      "mode": "managed",
      "type": "aws_nat_gateway",
      "name": "default",
      "each": "list",
      "provider": "provider.aws",
      "instances": []
    },
    {
      "module": "module.subnets",
      "mode": "managed",
      "type": "aws_network_acl",
      "name": "private",
      "each": "list",
      "provider": "provider.aws",
      "instances": [
        {
          "index_key": 0,
          "schema_version": 0,
          "attributes": {
            "egress": [
              {
                "action": "allow",
                "cidr_block": "0.0.0.0/0",
                "from_port": 0,
                "icmp_code": null,
                "icmp_type": null,
                "ipv6_cidr_block": "",
                "protocol": "-1",
                "rule_no": 100,
                "to_port": 0
              }
            ],
            "id": "acl-0b0749752f96a1820",
            "ingress": [
              {
                "action": "allow",
                "cidr_block": "0.0.0.0/0",
                "from_port": 0,
                "icmp_code": null,
                "icmp_type": null,
                "ipv6_cidr_block": "",
                "protocol": "-1",
                "rule_no": 100,
                "to_port": 0
              }
            ],
            "owner_id": "561246147461",
            "subnet_id": null,
            "subnet_ids": [
              "subnet-002588410ff710e89",
              "subnet-082998025721551a0"
            ],
            "tags": {
              "Attributes": "private",
              "Name": "rrm-test-vpc-subnets",
              "Namespace": "rrm",
              "Stage": "test",
              "cpco.io/subnet/type": "private"
            },
            "vpc_id": "vpc-0457f16baef90cb0c"
          },
          "private": "bnVsbA==",
          "dependencies": [
            "module.subnets.aws_subnet.private",
            "module.vpc.aws_vpc.default"
          ]
        }
      ]
    },
    {
      "module": "module.subnets",
      "mode": "managed",
      "type": "aws_network_acl",
      "name": "public",
      "each": "list",
      "provider": "provider.aws",
      "instances": [
        {
          "index_key": 0,
          "schema_version": 0,
          "attributes": {
            "egress": [
              {
                "action": "allow",
                "cidr_block": "0.0.0.0/0",
                "from_port": 0,
                "icmp_code": null,
                "icmp_type": null,
                "ipv6_cidr_block": "",
                "protocol": "-1",
                "rule_no": 100,
                "to_port": 0
              }
            ],
            "id": "acl-0910a54355a3ee7d5",
            "ingress": [
              {
                "action": "allow",
                "cidr_block": "0.0.0.0/0",
                "from_port": 0,
                "icmp_code": null,
                "icmp_type": null,
                "ipv6_cidr_block": "",
                "protocol": "-1",
                "rule_no": 100,
                "to_port": 0
              }
            ],
            "owner_id": "561246147461",
            "subnet_id": null,
            "subnet_ids": [
              "subnet-00bb037902c3e2445",
              "subnet-0c6bf9433e18bd647"
            ],
            "tags": {
              "Attributes": "public",
              "Name": "rrm-test-vpc-subnets",
              "Namespace": "rrm",
              "Stage": "test",
              "cpco.io/subnet/type": "public"
            },
            "vpc_id": "vpc-0457f16baef90cb0c"
          },
          "private": "bnVsbA==",
          "dependencies": [
            "module.subnets.aws_subnet.public",
            "module.vpc.aws_vpc.default"
          ]
        }
      ]
    },
    {
      "module": "module.subnets",
      "mode": "managed",
      "type": "aws_route",
      "name": "default",
      "each": "list",
      "provider": "provider.aws",
      "instances": []
    },
    {
      "module": "module.subnets",
      "mode": "managed",
      "type": "aws_route",
      "name": "nat_instance",
      "each": "list",
      "provider": "provider.aws",
      "instances": []
    },
    {
      "module": "module.subnets",
      "mode": "managed",
      "type": "aws_route",
      "name": "public",
      "each": "list",
      "provider": "provider.aws",
      "instances": [
        {
          "index_key": 0,
          "schema_version": 0,
          "attributes": {
            "destination_cidr_block": "0.0.0.0/0",
            "destination_ipv6_cidr_block": null,
            "destination_prefix_list_id": "",
            "egress_only_gateway_id": "",
            "gateway_id": "igw-07471886614f3ecdd",
            "id": "r-rtb-098b385899851e0141080289494",
            "instance_id": "",
            "instance_owner_id": "",
            "nat_gateway_id": "",
            "network_interface_id": "",
            "origin": "CreateRoute",
            "route_table_id": "rtb-098b385899851e014",
            "state": "active",
            "timeouts": null,
            "transit_gateway_id": "",
            "vpc_peering_connection_id": ""
          },
          "private": "eyJlMmJmYjczMC1lY2FhLTExZTYtOGY4OC0zNDM2M2JjN2M0YzAiOnsiY3JlYXRlIjoxMjAwMDAwMDAwMDAsImRlbGV0ZSI6MzAwMDAwMDAwMDAwfX0=",
          "dependencies": [
            "module.subnets.aws_route_table.public",
            "module.vpc.aws_internet_gateway.default",
            "module.vpc.aws_vpc.default"
          ]
        }
      ]
    },
    {
      "module": "module.subnets",
      "mode": "managed",
      "type": "aws_route_table",
      "name": "private",
      "each": "list",
      "provider": "provider.aws",
      "instances": [
        {
          "index_key": 0,
          "schema_version": 0,
          "attributes": {
            "id": "rtb-0e16aa06be6090fb8",
            "owner_id": "561246147461",
            "propagating_vgws": [],
            "route": [],
            "tags": {
              "Attributes": "private",
              "Name": "rrm-test-vpc-subnets-private-us-west-2a",
              "Namespace": "rrm",
              "Stage": "test",
              "cpco.io/subnet/type": "private"
            },
            "vpc_id": "vpc-0457f16baef90cb0c"
          },
          "private": "bnVsbA==",
          "dependencies": [
            "module.vpc.aws_vpc.default"
          ]
        },
        {
          "index_key": 1,
          "schema_version": 0,
          "attributes": {
            "id": "rtb-098331d399516bad0",
            "owner_id": "561246147461",
            "propagating_vgws": [],
            "route": [],
            "tags": {
              "Attributes": "private",
              "Name": "rrm-test-vpc-subnets-private-us-west-2b",
              "Namespace": "rrm",
              "Stage": "test",
              "cpco.io/subnet/type": "private"
            },
            "vpc_id": "vpc-0457f16baef90cb0c"
          },
          "private": "bnVsbA==",
          "dependencies": [
            "module.vpc.aws_vpc.default"
          ]
        }
      ]
    },
    {
      "module": "module.subnets",
      "mode": "managed",
      "type": "aws_route_table",
      "name": "public",
      "each": "list",
      "provider": "provider.aws",
      "instances": [
        {
          "index_key": 0,
          "schema_version": 0,
          "attributes": {
            "id": "rtb-098b385899851e014",
            "owner_id": "561246147461",
            "propagating_vgws": [],
            "route": [],
            "tags": {
              "Attributes": "public",
              "Name": "rrm-test-vpc-subnets",
              "Namespace": "rrm",
              "Stage": "test",
              "cpco.io/subnet/type": "public"
            },
            "vpc_id": "vpc-0457f16baef90cb0c"
          },
          "private": "bnVsbA==",
          "dependencies": [
            "module.vpc.aws_vpc.default"
          ]
        }
      ]
    },
    {
      "module": "module.subnets",
      "mode": "managed",
      "type": "aws_route_table_association",
      "name": "private",
      "each": "list",
      "provider": "provider.aws",
      "instances": [
        {
          "index_key": 0,
          "schema_version": 0,
          "attributes": {
            "gateway_id": null,
            "id": "rtbassoc-07dde07a5e7078e05",
            "route_table_id": "rtb-0e16aa06be6090fb8",
            "subnet_id": "subnet-002588410ff710e89"
          },
          "private": "bnVsbA==",
          "dependencies": [
            "module.subnets.aws_route_table.private",
            "module.subnets.aws_subnet.private",
            "module.vpc.aws_vpc.default"
          ]
        },
        {
          "index_key": 1,
          "schema_version": 0,
          "attributes": {
            "gateway_id": null,
            "id": "rtbassoc-0e82829c8844c87ae",
            "route_table_id": "rtb-098331d399516bad0",
            "subnet_id": "subnet-082998025721551a0"
          },
          "private": "bnVsbA==",
          "dependencies": [
            "module.subnets.aws_route_table.private",
            "module.subnets.aws_subnet.private",
            "module.vpc.aws_vpc.default"
          ]
        }
      ]
    },
    {
      "module": "module.subnets",
      "mode": "managed",
      "type": "aws_route_table_association",
      "name": "public",
      "each": "list",
      "provider": "provider.aws",
      "instances": [
        {
          "index_key": 0,
          "schema_version": 0,
          "attributes": {
            "gateway_id": null,
            "id": "rtbassoc-029c38b1c6791f5cb",
            "route_table_id": "rtb-098b385899851e014",
            "subnet_id": "subnet-0c6bf9433e18bd647"
          },
          "private": "bnVsbA==",
          "dependencies": [
            "module.subnets.aws_route_table.public",
            "module.subnets.aws_subnet.public",
            "module.vpc.aws_vpc.default"
          ]
        },
        {
          "index_key": 1,
          "schema_version": 0,
          "attributes": {
            "gateway_id": null,
            "id": "rtbassoc-0bdd1fd29eb82e75e",
            "route_table_id": "rtb-098b385899851e014",
            "subnet_id": "subnet-00bb037902c3e2445"
          },
          "private": "bnVsbA==",
          "dependencies": [
            "module.subnets.aws_route_table.public",
            "module.subnets.aws_subnet.public",
            "module.vpc.aws_vpc.default"
          ]
        }
      ]
    },
    {
      "module": "module.subnets",
      "mode": "managed",
      "type": "aws_route_table_association",
      "name": "public_default",
      "each": "list",
      "provider": "provider.aws",
      "instances": []
    },
    {
      "module": "module.subnets",
      "mode": "managed",
      "type": "aws_security_group",
      "name": "nat_instance",
      "each": "list",
      "provider": "provider.aws",
      "instances": []
    },
    {
      "module": "module.subnets",
      "mode": "managed",
      "type": "aws_security_group_rule",
      "name": "nat_instance_egress",
      "each": "list",
      "provider": "provider.aws",
      "instances": []
    },
    {
      "module": "module.subnets",
      "mode": "managed",
      "type": "aws_security_group_rule",
      "name": "nat_instance_ingress",
      "each": "list",
      "provider": "provider.aws",
      "instances": []
    },
    {
      "module": "module.subnets",
      "mode": "managed",
      "type": "aws_subnet",
      "name": "private",
      "each": "list",
      "provider": "provider.aws",
      "instances": [
        {
          "index_key": 0,
          "schema_version": 1,
          "attributes": {
            "arn": "arn:aws:ec2:us-west-2:561246147461:subnet/subnet-002588410ff710e89",
            "assign_ipv6_address_on_creation": false,
            "availability_zone": "us-west-2a",
            "availability_zone_id": "usw2-az1",
            "cidr_block": "172.16.0.0/19",
            "id": "subnet-002588410ff710e89",
            "ipv6_cidr_block": "",
            "ipv6_cidr_block_association_id": "",
            "map_public_ip_on_launch": false,
            "owner_id": "561246147461",
            "tags": {
              "Attributes": "private",
              "Name": "rrm-test-vpc-subnets-private-us-west-2a",
              "Namespace": "rrm",
              "Stage": "test",
              "cpco.io/subnet/type": "private"
            },
            "timeouts": null,
            "vpc_id": "vpc-0457f16baef90cb0c"
          },
          "private": "eyJlMmJmYjczMC1lY2FhLTExZTYtOGY4OC0zNDM2M2JjN2M0YzAiOnsiY3JlYXRlIjo2MDAwMDAwMDAwMDAsImRlbGV0ZSI6MTIwMDAwMDAwMDAwMH0sInNjaGVtYV92ZXJzaW9uIjoiMSJ9",
          "dependencies": [
            "module.vpc.aws_vpc.default"
          ]
        },
        {
          "index_key": 1,
          "schema_version": 1,
          "attributes": {
            "arn": "arn:aws:ec2:us-west-2:561246147461:subnet/subnet-082998025721551a0",
            "assign_ipv6_address_on_creation": false,
            "availability_zone": "us-west-2b",
            "availability_zone_id": "usw2-az2",
            "cidr_block": "172.16.32.0/19",
            "id": "subnet-082998025721551a0",
            "ipv6_cidr_block": "",
            "ipv6_cidr_block_association_id": "",
            "map_public_ip_on_launch": false,
            "owner_id": "561246147461",
            "tags": {
              "Attributes": "private",
              "Name": "rrm-test-vpc-subnets-private-us-west-2b",
              "Namespace": "rrm",
              "Stage": "test",
              "cpco.io/subnet/type": "private"
            },
            "timeouts": null,
            "vpc_id": "vpc-0457f16baef90cb0c"
          },
          "private": "eyJlMmJmYjczMC1lY2FhLTExZTYtOGY4OC0zNDM2M2JjN2M0YzAiOnsiY3JlYXRlIjo2MDAwMDAwMDAwMDAsImRlbGV0ZSI6MTIwMDAwMDAwMDAwMH0sInNjaGVtYV92ZXJzaW9uIjoiMSJ9",
          "dependencies": [
            "module.vpc.aws_vpc.default"
          ]
        }
      ]
    },
    {
      "module": "module.subnets",
      "mode": "managed",
      "type": "aws_subnet",
      "name": "public",
      "each": "list",
      "provider": "provider.aws",
      "instances": [
        {
          "index_key": 0,
          "schema_version": 1,
          "attributes": {
            "arn": "arn:aws:ec2:us-west-2:561246147461:subnet/subnet-0c6bf9433e18bd647",
            "assign_ipv6_address_on_creation": false,
            "availability_zone": "us-west-2a",
            "availability_zone_id": "usw2-az1",
            "cidr_block": "172.16.128.0/19",
            "id": "subnet-0c6bf9433e18bd647",
            "ipv6_cidr_block": "",
            "ipv6_cidr_block_association_id": "",
            "map_public_ip_on_launch": true,
            "owner_id": "561246147461",
            "tags": {
              "Attributes": "public",
              "Name": "rrm-test-vpc-subnets-public-us-west-2a",
              "Namespace": "rrm",
              "Stage": "test",
              "cpco.io/subnet/type": "public"
            },
            "timeouts": null,
            "vpc_id": "vpc-0457f16baef90cb0c"
          },
          "private": "eyJlMmJmYjczMC1lY2FhLTExZTYtOGY4OC0zNDM2M2JjN2M0YzAiOnsiY3JlYXRlIjo2MDAwMDAwMDAwMDAsImRlbGV0ZSI6MTIwMDAwMDAwMDAwMH0sInNjaGVtYV92ZXJzaW9uIjoiMSJ9",
          "dependencies": [
            "module.vpc.aws_vpc.default"
          ]
        },
        {
          "index_key": 1,
          "schema_version": 1,
          "attributes": {
            "arn": "arn:aws:ec2:us-west-2:561246147461:subnet/subnet-00bb037902c3e2445",
            "assign_ipv6_address_on_creation": false,
            "availability_zone": "us-west-2b",
            "availability_zone_id": "usw2-az2",
            "cidr_block": "172.16.160.0/19",
            "id": "subnet-00bb037902c3e2445",
            "ipv6_cidr_block": "",
            "ipv6_cidr_block_association_id": "",
            "map_public_ip_on_launch": true,
            "owner_id": "561246147461",
            "tags": {
              "Attributes": "public",
              "Name": "rrm-test-vpc-subnets-public-us-west-2b",
              "Namespace": "rrm",
              "Stage": "test",
              "cpco.io/subnet/type": "public"
            },
            "timeouts": null,
            "vpc_id": "vpc-0457f16baef90cb0c"
          },
          "private": "eyJlMmJmYjczMC1lY2FhLTExZTYtOGY4OC0zNDM2M2JjN2M0YzAiOnsiY3JlYXRlIjo2MDAwMDAwMDAwMDAsImRlbGV0ZSI6MTIwMDAwMDAwMDAwMH0sInNjaGVtYV92ZXJzaW9uIjoiMSJ9",
          "dependencies": [
            "module.vpc.aws_vpc.default"
          ]
        }
      ]
    },
    {
      "module": "module.vpc",
      "mode": "managed",
      "type": "aws_vpc",
      "name": "default",
      "provider": "provider.aws",
      "instances": [
        {
          "schema_version": 1,
          "attributes": {
            "arn": "arn:aws:ec2:us-west-2:561246147461:vpc/vpc-0457f16baef90cb0c",
            "assign_generated_ipv6_cidr_block": true,
            "cidr_block": "172.16.0.0/16",
            "default_network_acl_id": "acl-0125fb3205252c548",
            "default_route_table_id": "rtb-00b620f12d6ba17ca",
            "default_security_group_id": "sg-09e01ce288628440f",
            "dhcp_options_id": "dopt-357afa50",
            "enable_classiclink": false,
            "enable_classiclink_dns_support": false,
            "enable_dns_hostnames": true,
            "enable_dns_support": true,
            "id": "vpc-0457f16baef90cb0c",
            "instance_tenancy": "default",
            "ipv6_association_id": "vpc-cidr-assoc-032c0081287bb69f3",
            "ipv6_cidr_block": "2600:1f13:ede:d500::/56",
            "main_route_table_id": "rtb-00b620f12d6ba17ca",
            "owner_id": "561246147461",
            "tags": {
              "Name": "rrm-test-vpc-subnets",
              "Namespace": "rrm",
              "Stage": "test"
            }
          },
          "private": "eyJzY2hlbWFfdmVyc2lvbiI6IjEifQ=="
        }
      ]
    }
  ]
}
