{
  "version": 4,
  "terraform_version": "0.12.20",
  "serial": 157,
  "lineage": "183c8e94-998a-47dd-68e8-08614dce2053",
  "outputs": {
    "private_subnet_cidrs": {
      "value": [
        "172.16.0.0/19",
        "172.16.32.0/19"
      ],
      "type": [
        "tuple",
        [
          "string",
          "string"
        ]
      ]
    },
    "public_subnet_cidrs": {
      "value": [
        "172.16.128.0/19",
        "172.16.160.0/19"
      ],
      "type": [
        "tuple",
        [
          "string",
          "string"
        ]
      ]
    },
    "vpc_cidr": {
      "value": "172.16.0.0/16",
      "type": "string"
    }
  },
  "resources": [
    {
      "module": "module.subnets",
      "mode": "data",
      "type": "aws_ami",
      "name": "nat_instance",
      "each": "list",
      "provider": "provider.aws",
      "instances": []
    },
    {
      "module": "module.subnets",
      "mode": "data",
      "type": "aws_availability_zones",
      "name": "available",
      "provider": "provider.aws",
      "instances": [
        {
          "schema_version": 0,
          "attributes": {
            "blacklisted_names": null,
            "blacklisted_zone_ids": null,
            "id": "2020-02-16 15:56:31.988546297 +0000 UTC",
            "names": [
              "us-west-2a",
              "us-west-2b",
              "us-west-2c",
              "us-west-2d"
            ],
            "state": null,
            "zone_ids": [
              "usw2-az1",
              "usw2-az2",
              "usw2-az3",
              "usw2-az4"
            ]
          }
        }
      ]
    },
    {
      "module": "module.subnets",
      "mode": "data",
      "type": "aws_vpc",
      "name": "default",
      "provider": "provider.aws",
      "instances": [
        {
          "schema_version": 0,
          "attributes": {
            "arn": "arn:aws:ec2:us-west-2:561246147461:vpc/vpc-009dd5ec77636d71e",
            "cidr_block": "172.16.0.0/16",
            "cidr_block_associations": [
              {
                "association_id": "vpc-cidr-assoc-0b293a444a3465949",
                "cidr_block": "172.16.0.0/16",
                "state": "associated"
              }
            ],
            "default": false,
            "dhcp_options_id": "dopt-357afa50",
            "enable_dns_hostnames": true,
            "enable_dns_support": true,
            "filter": null,
            "id": "vpc-009dd5ec77636d71e",
            "instance_tenancy": "default",
            "ipv6_association_id": "vpc-cidr-assoc-0d9588a4d445c588c",
            "ipv6_cidr_block": "2600:1f13:f2:8f00::/56",
            "main_route_table_id": "rtb-0ab3087de3179eb7c",
            "owner_id": "561246147461",
            "state": "available",
            "tags": {
              "Name": "rrm-test-vpc-rrm",
              "Namespace": "rrm",
              "Stage": "test"
            }
          }
        }
      ]
    },
    {
      "module": "module.vpc.module.label",
      "mode": "data",
      "type": "null_data_source",
      "name": "tags_as_list_of_maps",
      "each": "list",
      "provider": "provider.null",
      "instances": [
        {
          "index_key": 0,
          "schema_version": 0,
          "attributes": {
            "has_computed_default": "default",
            "id": "static",
            "inputs": {
              "key": "Name",
              "value": "rrm-test-vpc-rrm"
            },
            "outputs": {
              "key": "Name",
              "value": "rrm-test-vpc-rrm"
            },
            "random": "4659790536734670445"
          }
        },
        {
          "index_key": 1,
          "schema_version": 0,
          "attributes": {
            "has_computed_default": "default",
            "id": "static",
            "inputs": {
              "key": "Namespace",
              "value": "rrm"
            },
            "outputs": {
              "key": "Namespace",
              "value": "rrm"
            },
            "random": "1097535313104931876"
          }
        },
        {
          "index_key": 2,
          "schema_version": 0,
          "attributes": {
            "has_computed_default": "default",
            "id": "static",
            "inputs": {
              "key": "Stage",
              "value": "test"
            },
            "outputs": {
              "key": "Stage",
              "value": "test"
            },
            "random": "6562242281289070279"
          }
        }
      ]
    },
    {
      "module": "module.subnets.module.label",
      "mode": "data",
      "type": "null_data_source",
      "name": "tags_as_list_of_maps",
      "each": "list",
      "provider": "provider.null",
      "instances": [
        {
          "index_key": 0,
          "schema_version": 0,
          "attributes": {
            "has_computed_default": "default",
            "id": "static",
            "inputs": {
              "key": "Name",
              "value": "rrm-test-subnetrrm"
            },
            "outputs": {
              "key": "Name",
              "value": "rrm-test-subnetrrm"
            },
            "random": "180889855746735768"
          }
        },
        {
          "index_key": 1,
          "schema_version": 0,
          "attributes": {
            "has_computed_default": "default",
            "id": "static",
            "inputs": {
              "key": "Namespace",
              "value": "rrm"
            },
            "outputs": {
              "key": "Namespace",
              "value": "rrm"
            },
            "random": "7406100181683379321"
          }
        },
        {
          "index_key": 2,
          "schema_version": 0,
          "attributes": {
            "has_computed_default": "default",
            "id": "static",
            "inputs": {
              "key": "Stage",
              "value": "test"
            },
            "outputs": {
              "key": "Stage",
              "value": "test"
            },
            "random": "19014403760259708"
          }
        }
      ]
    },
    {
      "module": "module.subnets.module.public_label",
      "mode": "data",
      "type": "null_data_source",
      "name": "tags_as_list_of_maps",
      "each": "list",
      "provider": "provider.null",
      "instances": [
        {
          "index_key": 0,
          "schema_version": 0,
          "attributes": {
            "has_computed_default": "default",
            "id": "static",
            "inputs": {
              "key": "Attributes",
              "value": "public"
            },
            "outputs": {
              "key": "Attributes",
              "value": "public"
            },
            "random": "64985924484359584"
          }
        },
        {
          "index_key": 1,
          "schema_version": 0,
          "attributes": {
            "has_computed_default": "default",
            "id": "static",
            "inputs": {
              "key": "Name",
              "value": "rrm-test-subnetrrm"
            },
            "outputs": {
              "key": "Name",
              "value": "rrm-test-subnetrrm"
            },
            "random": "2522804281334312891"
          }
        },
        {
          "index_key": 2,
          "schema_version": 0,
          "attributes": {
            "has_computed_default": "default",
            "id": "static",
            "inputs": {
              "key": "Namespace",
              "value": "rrm"
            },
            "outputs": {
              "key": "Namespace",
              "value": "rrm"
            },
            "random": "9037337891640085161"
          }
        },
        {
          "index_key": 3,
          "schema_version": 0,
          "attributes": {
            "has_computed_default": "default",
            "id": "static",
            "inputs": {
              "key": "Stage",
              "value": "test"
            },
            "outputs": {
              "key": "Stage",
              "value": "test"
            },
            "random": "3155262447904309157"
          }
        },
        {
          "index_key": 4,
          "schema_version": 0,
          "attributes": {
            "has_computed_default": "default",
            "id": "static",
            "inputs": {
              "key": "cpco.io/subnet/type",
              "value": "public"
            },
            "outputs": {
              "key": "cpco.io/subnet/type",
              "value": "public"
            },
            "random": "35076581283868256"
          }
        }
      ]
    },
    {
      "module": "module.subnets.module.nat_instance_label",
      "mode": "data",
      "type": "null_data_source",
      "name": "tags_as_list_of_maps",
      "each": "list",
      "provider": "provider.null",
      "instances": [
        {
          "index_key": 0,
          "schema_version": 0,
          "attributes": {
            "has_computed_default": "default",
            "id": "static",
            "inputs": {
              "key": "Attributes",
              "value": "nat-instance"
            },
            "outputs": {
              "key": "Attributes",
              "value": "nat-instance"
            },
            "random": "8400401539369446273"
          }
        },
        {
          "index_key": 1,
          "schema_version": 0,
          "attributes": {
            "has_computed_default": "default",
            "id": "static",
            "inputs": {
              "key": "Name",
              "value": "rrm-test-subnetrrm-nat-instance"
            },
            "outputs": {
              "key": "Name",
              "value": "rrm-test-subnetrrm-nat-instance"
            },
            "random": "294131069462168565"
          }
        },
        {
          "index_key": 2,
          "schema_version": 0,
          "attributes": {
            "has_computed_default": "default",
            "id": "static",
            "inputs": {
              "key": "Namespace",
              "value": "rrm"
            },
            "outputs": {
              "key": "Namespace",
              "value": "rrm"
            },
            "random": "9124989070586199860"
          }
        },
        {
          "index_key": 3,
          "schema_version": 0,
          "attributes": {
            "has_computed_default": "default",
            "id": "static",
            "inputs": {
              "key": "Stage",
              "value": "test"
            },
            "outputs": {
              "key": "Stage",
              "value": "test"
            },
            "random": "3983367132972391633"
          }
        }
      ]
    },
    {
      "module": "module.subnets.module.private_label",
      "mode": "data",
      "type": "null_data_source",
      "name": "tags_as_list_of_maps",
      "each": "list",
      "provider": "provider.null",
      "instances": [
        {
          "index_key": 0,
          "schema_version": 0,
          "attributes": {
            "has_computed_default": "default",
            "id": "static",
            "inputs": {
              "key": "Attributes",
              "value": "private"
            },
            "outputs": {
              "key": "Attributes",
              "value": "private"
            },
            "random": "2926706507338632614"
          }
        },
        {
          "index_key": 1,
          "schema_version": 0,
          "attributes": {
            "has_computed_default": "default",
            "id": "static",
            "inputs": {
              "key": "Name",
              "value": "rrm-test-subnetrrm"
            },
            "outputs": {
              "key": "Name",
              "value": "rrm-test-subnetrrm"
            },
            "random": "6880243362331072941"
          }
        },
        {
          "index_key": 2,
          "schema_version": 0,
          "attributes": {
            "has_computed_default": "default",
            "id": "static",
            "inputs": {
              "key": "Namespace",
              "value": "rrm"
            },
            "outputs": {
              "key": "Namespace",
              "value": "rrm"
            },
            "random": "1359235326923278072"
          }
        },
        {
          "index_key": 3,
          "schema_version": 0,
          "attributes": {
            "has_computed_default": "default",
            "id": "static",
            "inputs": {
              "key": "Stage",
              "value": "test"
            },
            "outputs": {
              "key": "Stage",
              "value": "test"
            },
            "random": "5188118195616310917"
          }
        },
        {
          "index_key": 4,
          "schema_version": 0,
          "attributes": {
            "has_computed_default": "default",
            "id": "static",
            "inputs": {
              "key": "cpco.io/subnet/type",
              "value": "private"
            },
            "outputs": {
              "key": "cpco.io/subnet/type",
              "value": "private"
            },
            "random": "1608299519333378924"
          }
        }
      ]
    },
    {
      "module": "module.subnets.module.nat_label",
      "mode": "data",
      "type": "null_data_source",
      "name": "tags_as_list_of_maps",
      "each": "list",
      "provider": "provider.null",
      "instances": [
        {
          "index_key": 0,
          "schema_version": 0,
          "attributes": {
            "has_computed_default": "default",
            "id": "static",
            "inputs": {
              "key": "Attributes",
              "value": "nat"
            },
            "outputs": {
              "key": "Attributes",
              "value": "nat"
            },
            "random": "1501012733538164652"
          }
        },
        {
          "index_key": 1,
          "schema_version": 0,
          "attributes": {
            "has_computed_default": "default",
            "id": "static",
            "inputs": {
              "key": "Name",
              "value": "rrm-test-subnetrrm-nat"
            },
            "outputs": {
              "key": "Name",
              "value": "rrm-test-subnetrrm-nat"
            },
            "random": "7018422094828815467"
          }
        },
        {
          "index_key": 2,
          "schema_version": 0,
          "attributes": {
            "has_computed_default": "default",
            "id": "static",
            "inputs": {
              "key": "Namespace",
              "value": "rrm"
            },
            "outputs": {
              "key": "Namespace",
              "value": "rrm"
            },
            "random": "636650503559638522"
          }
        },
        {
          "index_key": 3,
          "schema_version": 0,
          "attributes": {
            "has_computed_default": "default",
            "id": "static",
            "inputs": {
              "key": "Stage",
              "value": "test"
            },
            "outputs": {
              "key": "Stage",
              "value": "test"
            },
            "random": "5136631502794824806"
          }
        }
      ]
    },
    {
      "module": "module.vpc",
      "mode": "managed",
      "type": "aws_default_security_group",
      "name": "default",
      "provider": "provider.aws",
      "instances": [
        {
          "schema_version": 1,
          "attributes": {
            "arn": "arn:aws:ec2:us-west-2:561246147461:security-group/sg-02aac3b9aa1941ea7",
            "description": "default VPC security group",
            "egress": [],
            "id": "sg-02aac3b9aa1941ea7",
            "ingress": [],
            "name": "default",
            "owner_id": "561246147461",
            "revoke_rules_on_delete": false,
            "tags": {
              "Name": "Default Security Group"
            },
            "timeouts": null,
            "vpc_id": "vpc-009dd5ec77636d71e"
          },
          "private": "eyJlMmJmYjczMC1lY2FhLTExZTYtOGY4OC0zNDM2M2JjN2M0YzAiOnsiY3JlYXRlIjo2MDAwMDAwMDAwMDAsImRlbGV0ZSI6NjAwMDAwMDAwMDAwfSwic2NoZW1hX3ZlcnNpb24iOiIxIn0=",
          "dependencies": [
            "module.vpc.aws_vpc.default"
          ]
        }
      ]
    },
    {
      "module": "module.subnets",
      "mode": "managed",
      "type": "aws_eip",
      "name": "default",
      "each": "list",
      "provider": "provider.aws",
      "instances": []
    },
    {
      "module": "module.subnets",
      "mode": "managed",
      "type": "aws_instance",
      "name": "nat_instance",
      "each": "list",
      "provider": "provider.aws",
      "instances": []
    },
    {
      "module": "module.vpc",
      "mode": "managed",
      "type": "aws_internet_gateway",
      "name": "default",
      "provider": "provider.aws",
      "instances": [
        {
          "schema_version": 0,
          "attributes": {
            "id": "igw-0e11e4e2c49bd82ac",
            "owner_id": "561246147461",
            "tags": {
              "Name": "rrm-test-vpc-rrm",
              "Namespace": "rrm",
              "Stage": "test"
            },
            "vpc_id": "vpc-009dd5ec77636d71e"
          },
          "private": "bnVsbA==",
          "dependencies": [
            "module.vpc.aws_vpc.default"
          ]
        }
      ]
    },
    {
      "mode": "managed",
      "type": "aws_key_pair",
      "name": "generated_key",
      "provider": "provider.aws",
      "instances": [
        {
          "schema_version": 1,
          "attributes": {
            "fingerprint": "36:e5:79:41:5f:f6:84:3c:30:df:cf:b2:6c:52:58:17",
            "id": "rrm_ssh_key",
            "key_name": "rrm_ssh_key",
            "key_name_prefix": null,
            "key_pair_id": "key-0735a27afcc1ec670",
            "public_key": "ssh-rsa AAAAB3NzaC1yc2EAAAADAQABAAACAQDNClbkRM2v+8yLYoPX5OiyGkWYyOs7NYZ9SIUjmoDtRscUx03YuxblQyHC5kJ30aZSwoQLJQH6sH6Elij0k20uifGTpQQRaec239x5wmyxH60toRx6/vDxNcHqyzBrMGvdmRMAmKBQ5wBrZZi2kbKgDvT4kdxJ0blvZZBzY1MmWePcFnLofntG83v8U5K84hPjyBoQnOAx6EOw5OHja9k8UoR8tAQvBdOv+UkBI9typTv5nb8BJCAckPNMs02kFsVaKVzJ+mkw5jICH1NROzzNfj6KFWVJdV/3fEOHICPdQ7G7wz/wlQsrX+mqFwHXbZLporRxtgVDa14E2BvdlRZe7Vkxgu7Ajvpy5OBHBAaLDlBhfw74YMUKrVIB2oKRjS9gXuQrooljA4hDdR0fEwIpsUPhvIfywlh7cfdZhUF+EXYnUrIZIl8cshloixn3Wav+H3IA1Qo2RDBXiSBMHvCxvHuJiMYxgSjGIf2GqpXgTCZvLY7X0BChafdu3PP23wPbD7r5baA07F/ICViEWIRSEw49sDLqmRHcp6hZMtuS9JcdHnYUWVSilnzAL+uquHesM0PoWOKpUNiW1WC1uphxtWwtfCkNacd9LRoHAY5jmjTKyxnkzytNFTTNuQN79t6whbHxdRiuHUGeVSpPrzkoooAFDoC7buGAzhJOCawN8w==",
            "tags": null
          },
          "private": "eyJzY2hlbWFfdmVyc2lvbiI6IjEifQ==",
          "dependencies": [
            "tls_private_key.rrmssh"
          ]
        }
      ]
    },
    {
      "module": "module.subnets",
      "mode": "managed",
      "type": "aws_nat_gateway",
      "name": "default",
      "each": "list",
      "provider": "provider.aws",
      "instances": []
    },
    {
      "module": "module.subnets",
      "mode": "managed",
      "type": "aws_network_acl",
      "name": "private",
      "each": "list",
      "provider": "provider.aws",
      "instances": [
        {
          "index_key": 0,
          "schema_version": 0,
          "attributes": {
            "egress": [
              {
                "action": "allow",
                "cidr_block": "0.0.0.0/0",
                "from_port": 0,
                "icmp_code": null,
                "icmp_type": null,
                "ipv6_cidr_block": "",
                "protocol": "-1",
                "rule_no": 100,
                "to_port": 0
              }
            ],
            "id": "acl-0091425145fb7a951",
            "ingress": [
              {
                "action": "allow",
                "cidr_block": "0.0.0.0/0",
                "from_port": 0,
                "icmp_code": null,
                "icmp_type": null,
                "ipv6_cidr_block": "",
                "protocol": "-1",
                "rule_no": 100,
                "to_port": 0
              }
            ],
            "owner_id": "561246147461",
            "subnet_id": null,
            "subnet_ids": [
              "subnet-0dbb5108f22df43e1",
              "subnet-0fe96e5cf2efad10f"
            ],
            "tags": {
              "Attributes": "private",
              "Name": "rrm-test-subnetrrm",
              "Namespace": "rrm",
              "Stage": "test",
              "cpco.io/subnet/type": "private"
            },
            "vpc_id": "vpc-009dd5ec77636d71e"
          },
          "private": "bnVsbA==",
          "dependencies": [
            "module.subnets.aws_subnet.private",
            "module.vpc.aws_vpc.default"
          ]
        }
      ]
    },
    {
      "module": "module.subnets",
      "mode": "managed",
      "type": "aws_network_acl",
      "name": "public",
      "each": "list",
      "provider": "provider.aws",
      "instances": [
        {
          "index_key": 0,
          "schema_version": 0,
          "attributes": {
            "egress": [
              {
                "action": "allow",
                "cidr_block": "0.0.0.0/0",
                "from_port": 0,
                "icmp_code": null,
                "icmp_type": null,
                "ipv6_cidr_block": "",
                "protocol": "-1",
                "rule_no": 100,
                "to_port": 0
              }
            ],
            "id": "acl-0fb1a36090f7cb83c",
            "ingress": [
              {
                "action": "allow",
                "cidr_block": "0.0.0.0/0",
                "from_port": 0,
                "icmp_code": null,
                "icmp_type": null,
                "ipv6_cidr_block": "",
                "protocol": "-1",
                "rule_no": 100,
                "to_port": 0
              }
            ],
            "owner_id": "561246147461",
            "subnet_id": null,
            "subnet_ids": [
              "subnet-02f423d99889b6f75",
              "subnet-0da762e994115dec1"
            ],
            "tags": {
              "Attributes": "public",
              "Name": "rrm-test-subnetrrm",
              "Namespace": "rrm",
              "Stage": "test",
              "cpco.io/subnet/type": "public"
            },
            "vpc_id": "vpc-009dd5ec77636d71e"
          },
          "private": "bnVsbA==",
          "dependencies": [
            "module.subnets.aws_subnet.public",
            "module.vpc.aws_vpc.default"
          ]
        }
      ]
    },
    {
      "module": "module.subnets",
      "mode": "managed",
      "type": "aws_route",
      "name": "default",
      "each": "list",
      "provider": "provider.aws",
      "instances": []
    },
    {
      "module": "module.subnets",
      "mode": "managed",
      "type": "aws_route",
      "name": "nat_instance",
      "each": "list",
      "provider": "provider.aws",
      "instances": []
    },
    {
      "module": "module.subnets",
      "mode": "managed",
      "type": "aws_route",
      "name": "public",
      "each": "list",
      "provider": "provider.aws",
      "instances": [
        {
          "index_key": 0,
          "schema_version": 0,
          "attributes": {
            "destination_cidr_block": "0.0.0.0/0",
            "destination_ipv6_cidr_block": null,
            "destination_prefix_list_id": "",
            "egress_only_gateway_id": "",
            "gateway_id": "igw-0e11e4e2c49bd82ac",
            "id": "r-rtb-0d0d205c9f252d5601080289494",
            "instance_id": "",
            "instance_owner_id": "",
            "nat_gateway_id": "",
            "network_interface_id": "",
            "origin": "CreateRoute",
            "route_table_id": "rtb-0d0d205c9f252d560",
            "state": "active",
            "timeouts": null,
            "transit_gateway_id": "",
            "vpc_peering_connection_id": ""
          },
          "private": "eyJlMmJmYjczMC1lY2FhLTExZTYtOGY4OC0zNDM2M2JjN2M0YzAiOnsiY3JlYXRlIjoxMjAwMDAwMDAwMDAsImRlbGV0ZSI6MzAwMDAwMDAwMDAwfX0=",
          "dependencies": [
            "module.subnets.aws_route_table.public",
            "module.vpc.aws_internet_gateway.default",
            "module.vpc.aws_vpc.default"
          ]
        }
      ]
    },
    {
      "module": "module.subnets",
      "mode": "managed",
      "type": "aws_route_table",
      "name": "private",
      "each": "list",
      "provider": "provider.aws",
      "instances": [
        {
          "index_key": 0,
          "schema_version": 0,
          "attributes": {
            "id": "rtb-0a9c75a78b6867c74",
            "owner_id": "561246147461",
            "propagating_vgws": [],
            "route": [],
            "tags": {
              "Attributes": "private",
              "Name": "rrm-test-subnetrrm-private-us-west-2a",
              "Namespace": "rrm",
              "Stage": "test",
              "cpco.io/subnet/type": "private"
            },
            "vpc_id": "vpc-009dd5ec77636d71e"
          },
          "private": "bnVsbA==",
          "dependencies": [
            "module.vpc.aws_vpc.default"
          ]
        },
        {
          "index_key": 1,
          "schema_version": 0,
          "attributes": {
            "id": "rtb-03728a395905ad24e",
            "owner_id": "561246147461",
            "propagating_vgws": [],
            "route": [],
            "tags": {
              "Attributes": "private",
              "Name": "rrm-test-subnetrrm-private-us-west-2b",
              "Namespace": "rrm",
              "Stage": "test",
              "cpco.io/subnet/type": "private"
            },
            "vpc_id": "vpc-009dd5ec77636d71e"
          },
          "private": "bnVsbA==",
          "dependencies": [
            "module.vpc.aws_vpc.default"
          ]
        }
      ]
    },
    {
      "module": "module.subnets",
      "mode": "managed",
      "type": "aws_route_table",
      "name": "public",
      "each": "list",
      "provider": "provider.aws",
      "instances": [
        {
          "index_key": 0,
          "schema_version": 0,
          "attributes": {
            "id": "rtb-0d0d205c9f252d560",
            "owner_id": "561246147461",
            "propagating_vgws": [],
            "route": [],
            "tags": {
              "Attributes": "public",
              "Name": "rrm-test-subnetrrm",
              "Namespace": "rrm",
              "Stage": "test",
              "cpco.io/subnet/type": "public"
            },
            "vpc_id": "vpc-009dd5ec77636d71e"
          },
          "private": "bnVsbA==",
          "dependencies": [
            "module.vpc.aws_vpc.default"
          ]
        }
      ]
    },
    {
      "module": "module.subnets",
      "mode": "managed",
      "type": "aws_route_table_association",
      "name": "private",
      "each": "list",
      "provider": "provider.aws",
      "instances": [
        {
          "index_key": 0,
          "schema_version": 0,
          "attributes": {
            "gateway_id": null,
            "id": "rtbassoc-089539863a1876054",
            "route_table_id": "rtb-0a9c75a78b6867c74",
            "subnet_id": "subnet-0dbb5108f22df43e1"
          },
          "private": "bnVsbA==",
          "dependencies": [
            "module.subnets.aws_route_table.private",
            "module.subnets.aws_subnet.private",
            "module.vpc.aws_vpc.default"
          ]
        },
        {
          "index_key": 1,
          "schema_version": 0,
          "attributes": {
            "gateway_id": null,
            "id": "rtbassoc-07f39154d6eb3005d",
            "route_table_id": "rtb-03728a395905ad24e",
            "subnet_id": "subnet-0fe96e5cf2efad10f"
          },
          "private": "bnVsbA==",
          "dependencies": [
            "module.subnets.aws_route_table.private",
            "module.subnets.aws_subnet.private",
            "module.vpc.aws_vpc.default"
          ]
        }
      ]
    },
    {
      "module": "module.subnets",
      "mode": "managed",
      "type": "aws_route_table_association",
      "name": "public",
      "each": "list",
      "provider": "provider.aws",
      "instances": [
        {
          "index_key": 0,
          "schema_version": 0,
          "attributes": {
            "gateway_id": null,
            "id": "rtbassoc-0a17592ffc012c9a3",
            "route_table_id": "rtb-0d0d205c9f252d560",
            "subnet_id": "subnet-02f423d99889b6f75"
          },
          "private": "bnVsbA==",
          "dependencies": [
            "module.subnets.aws_route_table.public",
            "module.subnets.aws_subnet.public",
            "module.vpc.aws_vpc.default"
          ]
        },
        {
          "index_key": 1,
          "schema_version": 0,
          "attributes": {
            "gateway_id": null,
            "id": "rtbassoc-08faa09f6e5affdf3",
            "route_table_id": "rtb-0d0d205c9f252d560",
            "subnet_id": "subnet-0da762e994115dec1"
          },
          "private": "bnVsbA==",
          "dependencies": [
            "module.subnets.aws_route_table.public",
            "module.subnets.aws_subnet.public",
            "module.vpc.aws_vpc.default"
          ]
        }
      ]
    },
    {
      "module": "module.subnets",
      "mode": "managed",
      "type": "aws_route_table_association",
      "name": "public_default",
      "each": "list",
      "provider": "provider.aws",
      "instances": []
    },
    {
      "module": "module.subnets",
      "mode": "managed",
      "type": "aws_security_group",
      "name": "nat_instance",
      "each": "list",
      "provider": "provider.aws",
      "instances": []
    },
    {
      "module": "module.subnets",
      "mode": "managed",
      "type": "aws_security_group_rule",
      "name": "nat_instance_egress",
      "each": "list",
      "provider": "provider.aws",
      "instances": []
    },
    {
      "module": "module.subnets",
      "mode": "managed",
      "type": "aws_security_group_rule",
      "name": "nat_instance_ingress",
      "each": "list",
      "provider": "provider.aws",
      "instances": []
    },
    {
      "module": "module.subnets",
      "mode": "managed",
      "type": "aws_subnet",
      "name": "private",
      "each": "list",
      "provider": "provider.aws",
      "instances": [
        {
          "index_key": 0,
          "schema_version": 1,
          "attributes": {
            "arn": "arn:aws:ec2:us-west-2:561246147461:subnet/subnet-0dbb5108f22df43e1",
            "assign_ipv6_address_on_creation": false,
            "availability_zone": "us-west-2a",
            "availability_zone_id": "usw2-az1",
            "cidr_block": "172.16.0.0/19",
            "id": "subnet-0dbb5108f22df43e1",
            "ipv6_cidr_block": "",
            "ipv6_cidr_block_association_id": "",
            "map_public_ip_on_launch": false,
            "owner_id": "561246147461",
            "tags": {
              "Attributes": "private",
              "Name": "rrm-test-subnetrrm-private-us-west-2a",
              "Namespace": "rrm",
              "Stage": "test",
              "cpco.io/subnet/type": "private"
            },
            "timeouts": null,
            "vpc_id": "vpc-009dd5ec77636d71e"
          },
          "private": "eyJlMmJmYjczMC1lY2FhLTExZTYtOGY4OC0zNDM2M2JjN2M0YzAiOnsiY3JlYXRlIjo2MDAwMDAwMDAwMDAsImRlbGV0ZSI6MTIwMDAwMDAwMDAwMH0sInNjaGVtYV92ZXJzaW9uIjoiMSJ9",
          "dependencies": [
            "module.vpc.aws_vpc.default"
          ]
        },
        {
          "index_key": 1,
          "schema_version": 1,
          "attributes": {
            "arn": "arn:aws:ec2:us-west-2:561246147461:subnet/subnet-0fe96e5cf2efad10f",
            "assign_ipv6_address_on_creation": false,
            "availability_zone": "us-west-2b",
            "availability_zone_id": "usw2-az2",
            "cidr_block": "172.16.32.0/19",
            "id": "subnet-0fe96e5cf2efad10f",
            "ipv6_cidr_block": "",
            "ipv6_cidr_block_association_id": "",
            "map_public_ip_on_launch": false,
            "owner_id": "561246147461",
            "tags": {
              "Attributes": "private",
              "Name": "rrm-test-subnetrrm-private-us-west-2b",
              "Namespace": "rrm",
              "Stage": "test",
              "cpco.io/subnet/type": "private"
            },
            "timeouts": null,
            "vpc_id": "vpc-009dd5ec77636d71e"
          },
          "private": "eyJlMmJmYjczMC1lY2FhLTExZTYtOGY4OC0zNDM2M2JjN2M0YzAiOnsiY3JlYXRlIjo2MDAwMDAwMDAwMDAsImRlbGV0ZSI6MTIwMDAwMDAwMDAwMH0sInNjaGVtYV92ZXJzaW9uIjoiMSJ9",
          "dependencies": [
            "module.vpc.aws_vpc.default"
          ]
        }
      ]
    },
    {
      "module": "module.subnets",
      "mode": "managed",
      "type": "aws_subnet",
      "name": "public",
      "each": "list",
      "provider": "provider.aws",
      "instances": [
        {
          "index_key": 0,
          "schema_version": 1,
          "attributes": {
            "arn": "arn:aws:ec2:us-west-2:561246147461:subnet/subnet-02f423d99889b6f75",
            "assign_ipv6_address_on_creation": false,
            "availability_zone": "us-west-2a",
            "availability_zone_id": "usw2-az1",
            "cidr_block": "172.16.128.0/19",
            "id": "subnet-02f423d99889b6f75",
            "ipv6_cidr_block": "",
            "ipv6_cidr_block_association_id": "",
            "map_public_ip_on_launch": true,
            "owner_id": "561246147461",
            "tags": {
              "Attributes": "public",
              "Name": "rrm-test-subnetrrm-public-us-west-2a",
              "Namespace": "rrm",
              "Stage": "test",
              "cpco.io/subnet/type": "public"
            },
            "timeouts": null,
            "vpc_id": "vpc-009dd5ec77636d71e"
          },
          "private": "eyJlMmJmYjczMC1lY2FhLTExZTYtOGY4OC0zNDM2M2JjN2M0YzAiOnsiY3JlYXRlIjo2MDAwMDAwMDAwMDAsImRlbGV0ZSI6MTIwMDAwMDAwMDAwMH0sInNjaGVtYV92ZXJzaW9uIjoiMSJ9",
          "dependencies": [
            "module.vpc.aws_vpc.default"
          ]
        },
        {
          "index_key": 1,
          "schema_version": 1,
          "attributes": {
            "arn": "arn:aws:ec2:us-west-2:561246147461:subnet/subnet-0da762e994115dec1",
            "assign_ipv6_address_on_creation": false,
            "availability_zone": "us-west-2b",
            "availability_zone_id": "usw2-az2",
            "cidr_block": "172.16.160.0/19",
            "id": "subnet-0da762e994115dec1",
            "ipv6_cidr_block": "",
            "ipv6_cidr_block_association_id": "",
            "map_public_ip_on_launch": true,
            "owner_id": "561246147461",
            "tags": {
              "Attributes": "public",
              "Name": "rrm-test-subnetrrm-public-us-west-2b",
              "Namespace": "rrm",
              "Stage": "test",
              "cpco.io/subnet/type": "public"
            },
            "timeouts": null,
            "vpc_id": "vpc-009dd5ec77636d71e"
          },
          "private": "eyJlMmJmYjczMC1lY2FhLTExZTYtOGY4OC0zNDM2M2JjN2M0YzAiOnsiY3JlYXRlIjo2MDAwMDAwMDAwMDAsImRlbGV0ZSI6MTIwMDAwMDAwMDAwMH0sInNjaGVtYV92ZXJzaW9uIjoiMSJ9",
          "dependencies": [
            "module.vpc.aws_vpc.default"
          ]
        }
      ]
    },
    {
      "module": "module.vpc",
      "mode": "managed",
      "type": "aws_vpc",
      "name": "default",
      "provider": "provider.aws",
      "instances": [
        {
          "schema_version": 1,
          "attributes": {
            "arn": "arn:aws:ec2:us-west-2:561246147461:vpc/vpc-009dd5ec77636d71e",
            "assign_generated_ipv6_cidr_block": true,
            "cidr_block": "172.16.0.0/16",
            "default_network_acl_id": "acl-0f0d8738be8ccae79",
            "default_route_table_id": "rtb-0ab3087de3179eb7c",
            "default_security_group_id": "sg-02aac3b9aa1941ea7",
            "dhcp_options_id": "dopt-357afa50",
            "enable_classiclink": false,
            "enable_classiclink_dns_support": false,
            "enable_dns_hostnames": true,
            "enable_dns_support": true,
            "id": "vpc-009dd5ec77636d71e",
            "instance_tenancy": "default",
            "ipv6_association_id": "vpc-cidr-assoc-0d9588a4d445c588c",
            "ipv6_cidr_block": "2600:1f13:f2:8f00::/56",
            "main_route_table_id": "rtb-0ab3087de3179eb7c",
            "owner_id": "561246147461",
            "tags": {
              "Name": "rrm-test-vpc-rrm",
              "Namespace": "rrm",
              "Stage": "test"
            }
          },
          "private": "eyJzY2hlbWFfdmVyc2lvbiI6IjEifQ=="
        }
      ]
    },
    {
      "mode": "managed",
      "type": "tls_private_key",
      "name": "rrmssh",
      "provider": "provider.tls",
      "instances": [
        {
          "schema_version": 0,
          "attributes": {
            "algorithm": "RSA",
            "ecdsa_curve": "P224",
            "id": "13dc79c922cbc8ecab08fa02ed7341980590430d",
            "private_key_pem": "-----BEGIN RSA PRIVATE KEY-----\nMIIJKAIBAAKCAgEAzQpW5ETNr/vMi2KD1+ToshpFmMjrOzWGfUiFI5qA7UbHFMdN\n2LsW5UMhwuZCd9GmUsKECyUB+rB+hJYo9JNtLonxk6UEEWnnNt/cecJssR+tLaEc\nev7w8TXB6sswazBr3ZkTAJigUOcAa2WYtpGyoA70+JHcSdG5b2WQc2NTJlnj3BZy\n6H57RvN7/FOSvOIT48gaEJzgMehDsOTh42vZPFKEfLQELwXTr/lJASPbcqU7+Z2/\nASQgHJDzTLNNpBbFWilcyfppMOYyAh9TUTs8zX4+ihVlSXVf93xDhyAj3UOxu8M/\n8JULK1/pqhcB122S6aK0cbYFQ2teBNgb3ZUWXu1ZMYLuwI76cuTgRwQGiw5QYX8O\n+GDFCq1SAdqCkY0vYF7kK6KJYwOIQ3UdHxMCKbFD4byH8sJYe3H3WYVBfhF2J1Ky\nGSJfHLIZaIsZ91mr/h9yANUKNkQwV4kgTB7wsbx7iYjGMYEoxiH9hqqV4Ewmby2O\n19AQoWn3btzz9t8D2w+6+W2gNOxfyAlYhFiEUhMOPbAy6pkR3KeoWTLbkvSXHR52\nFFlUopZ8wC/rqrh3rDND6FjiqVDYltVgtbqYcbVsLXwpDWnHfS0aBwGOY5o0yssZ\n5M8rTRU0zbkDe/besIWx8XUYrh1BnlUqT685KKKABQ6Au27hgM4STgmsDfMCAwEA\nAQKCAgB5CkGBP5ys5tg48E8kg91aRmgPaYxzx4U9MDJocizp5X5gpccuykMZ1Cd6\nBrP2R60H7gxFB/PDKa2GV56VwvIRJx2VKzTbkskLe9uLhVrktO5moVVOxnE186Ym\nFQzgOhVzG4o8L91z5Oo6fB9Kp3frROkYVALXEReGy04az+emHCqHIjlzRjdACzyG\nGE/ncQ6MyPOaGwG+dH6BTpyKxH/ZPF05wIs3txjgKSkPoztI0oI1OQoogkrykh8O\niEqtM0QNlZ1RHqI6W6np1tQ4f9/E72G74iWI1+FvF8xFWJPTasLhNMHqJBIT6Orn\nne1YXzb69THQbsNsqVU3RtwsUnaBRA07D8kUAApamexRy0ZNvralRoc7RqyEeHUw\nEYv57pzcRM2bJI9hr3sbb7egZ28J8ZWChdOeww908+116agSrOZnW01EbxRsml2K\ncg8cOYinBZ63nqDzZMSNT8WYcvccOKelQ/WuEeTGlz0jOggRlI6quFiRnyStNIlN\n8qeEaRwCmKbknMsexSI8bG/lczWLL9iFCSZBnx/gBojT3QeM193l4hZQ0rVcV2gI\npZOPX81wpMtRNNq6LYcsH/+7c/lObNdjsGaxa0JZyLa4E466kBivD6N07c0hlEGv\nSjX2dvlKVPzkrfXmscIp3fp8uYYdfOFVdDd8y1xR+FImc6rqAQKCAQEA94UIP5eX\nkecz8nJqMh8a++5EPTLcPM2bnGvW2nnq3JYEDWhwGjP6MEJQG2YaEbkReCQHIAfa\nBWjdVPDe+/kKuDn/4Pt1Jk0A/8E3lQwAh/aOFIObrKQ+5ouQcj/OTxsWyDN9OzGi\nFp/ZMTG0loTAB5E9czUFXLeakaUQPwMjtMSh8JPFej1M7NnsEPAEZfJamtyNcJ0E\nWkxFwBW3Vxw3y0tf6QboYow7JB7GK3E95ft2b9X7EEzRodmRDRJN3CwAgAdxPnqu\nBNGinirZSYD53GtHh52/xENoQ4/dF6mgfUY9lxWsdtfqwGLme9H+M0xKTXDHsG87\nLTHgypGxelg0iQKCAQEA1BC556CcVFM6eNdyJ+zHEN86tWPTobEPiTZc7W0nd30g\nYiVXQcC5FZIbTHXoNsFAPSa1YAGnhBgdI1yYBxKxChaKh5k1sIZiiJBFm+TKgdk4\nDCnp8Iv2DrdKqRFZpxOL0OT3DT5CttmmdLBUkmdw9xUX2T5w5A94LHKJ1vhLib3E\n8tXpLiW9wNbyh62fQ+naAFJe7VqKGbTeAjGwpEzyxlb5+s5U+5yvWwvRsiJphJWC\nt89lV4pPDaMqylhjSrMmNcdMmYKHgdaxnkhRb5cqb/MFOFoGA3sqr4gegBJ+pRxb\ni612eEEMyaX/12kUyuMwC82wag1dgvL6StVRWhCHmwKCAQEAp4fta01pk6GPsXvr\nkP0owHgmy91O4ACyYI9FHx8B7kfDemfD6JhhsKRRoBndbz16K30HLZDi6mJt3H4k\nDxwjO0pWfKr2QfRAxtq6ijFTcrNYu13Q0mtg/55bKFkzhKtrIhpnmtcfRHzw/rEL\n8AzuBLEzjHTIqlbDUe0NL/kqA8JLcZAzS2eOV4mwlE5AS9hbpxG80goU1iFl3HtW\nWqmIwhrEUe8Q/xK3PN1veBvvr2giY9PLWN8FzKx71wMam/lUZVOkPIvAmRZjIPcT\nlwKrG5upEIufLnIJciE/njJ7pA8UxNwwnUfLZmgKZKhfi80JRZ0eK7c9sHtgEPvH\nym1FMQKCAQAcpzHnOQ1GW4SABWQ4Psba4b6V+aoDo9/cg0rlDaWSgIaanD8A9GBN\nqNMlbpz0oQHkAVHqae7Pa06sk3s7IWxoV4laLvpRIqc3mn69RJmUF9x50EP6q36Q\nmHVvCJgbegmfLQCwemQbPqc+BwE2UuGxkNkLEmPAfNKY9tTnBd92+fwdb4e1I4ZT\nAvf8Gxp026kH+Bk5as1UEdsZYstiN79pyyC1oaFb6dzLqXoo3ntxXZ4u5cfknxx1\nVEGY2352/mPASnBwIXHbuj1/jHfsYvlp7OUcqxU67S5kTzkHxvfzqTQ5WDO0pd1r\ndZFu8pTLoQzB24Xlnm6vHdNxvwbh62/XAoIBAE2rA655hn4DLiAsyVmyXiIaI7KY\npayFNSd/vG4pFCvbxpW7oeeBvnET53p0T/ibg6QUvKGDHC5z/uRszTFyZYeOLhju\n23bG+LIRML6tWuqfD4Y7ob3tzdtIu61XIQZ1yyZDKSfxm9bkzuaQe5bp2kd/BBlb\nufal5nnaWPREfI6s5u8Z398aHHOa5A9AhYvW8u5aKeLlxam1HViykY1rHmvCf+N/\nDAdDW1sUBbr6SRVgwpDVI+pYhnDLwQGrdciwZW+/RKd/oZEkU4CPQbgvkHY+ih0/\nU2kOU07oEV8YE7C0KrnkDRH31l+5LY/6a8yNfu5Xh5D33eh7qmhicbuvI4k=\n-----END RSA PRIVATE KEY-----\n",
            "public_key_fingerprint_md5": "5f:a1:08:b7:3f:b8:af:f3:d8:0a:5e:60:3c:fb:0a:f1",
            "public_key_openssh": "ssh-rsa AAAAB3NzaC1yc2EAAAADAQABAAACAQDNClbkRM2v+8yLYoPX5OiyGkWYyOs7NYZ9SIUjmoDtRscUx03YuxblQyHC5kJ30aZSwoQLJQH6sH6Elij0k20uifGTpQQRaec239x5wmyxH60toRx6/vDxNcHqyzBrMGvdmRMAmKBQ5wBrZZi2kbKgDvT4kdxJ0blvZZBzY1MmWePcFnLofntG83v8U5K84hPjyBoQnOAx6EOw5OHja9k8UoR8tAQvBdOv+UkBI9typTv5nb8BJCAckPNMs02kFsVaKVzJ+mkw5jICH1NROzzNfj6KFWVJdV/3fEOHICPdQ7G7wz/wlQsrX+mqFwHXbZLporRxtgVDa14E2BvdlRZe7Vkxgu7Ajvpy5OBHBAaLDlBhfw74YMUKrVIB2oKRjS9gXuQrooljA4hDdR0fEwIpsUPhvIfywlh7cfdZhUF+EXYnUrIZIl8cshloixn3Wav+H3IA1Qo2RDBXiSBMHvCxvHuJiMYxgSjGIf2GqpXgTCZvLY7X0BChafdu3PP23wPbD7r5baA07F/ICViEWIRSEw49sDLqmRHcp6hZMtuS9JcdHnYUWVSilnzAL+uquHesM0PoWOKpUNiW1WC1uphxtWwtfCkNacd9LRoHAY5jmjTKyxnkzytNFTTNuQN79t6whbHxdRiuHUGeVSpPrzkoooAFDoC7buGAzhJOCawN8w==\n",
            "public_key_pem": "-----BEGIN PUBLIC KEY-----\nMIICIjANBgkqhkiG9w0BAQEFAAOCAg8AMIICCgKCAgEAzQpW5ETNr/vMi2KD1+To\nshpFmMjrOzWGfUiFI5qA7UbHFMdN2LsW5UMhwuZCd9GmUsKECyUB+rB+hJYo9JNt\nLonxk6UEEWnnNt/cecJssR+tLaEcev7w8TXB6sswazBr3ZkTAJigUOcAa2WYtpGy\noA70+JHcSdG5b2WQc2NTJlnj3BZy6H57RvN7/FOSvOIT48gaEJzgMehDsOTh42vZ\nPFKEfLQELwXTr/lJASPbcqU7+Z2/ASQgHJDzTLNNpBbFWilcyfppMOYyAh9TUTs8\nzX4+ihVlSXVf93xDhyAj3UOxu8M/8JULK1/pqhcB122S6aK0cbYFQ2teBNgb3ZUW\nXu1ZMYLuwI76cuTgRwQGiw5QYX8O+GDFCq1SAdqCkY0vYF7kK6KJYwOIQ3UdHxMC\nKbFD4byH8sJYe3H3WYVBfhF2J1KyGSJfHLIZaIsZ91mr/h9yANUKNkQwV4kgTB7w\nsbx7iYjGMYEoxiH9hqqV4Ewmby2O19AQoWn3btzz9t8D2w+6+W2gNOxfyAlYhFiE\nUhMOPbAy6pkR3KeoWTLbkvSXHR52FFlUopZ8wC/rqrh3rDND6FjiqVDYltVgtbqY\ncbVsLXwpDWnHfS0aBwGOY5o0yssZ5M8rTRU0zbkDe/besIWx8XUYrh1BnlUqT685\nKKKABQ6Au27hgM4STgmsDfMCAwEAAQ==\n-----END PUBLIC KEY-----\n",
            "rsa_bits": 4096
          },
          "private": "bnVsbA=="
        }
      ]
    }
  ]
}
